
Microsoft Visual Studio Solution File, Format Version 12.00
# Visual Studio Version 17
VisualStudioVersion = 17.9.34607.119
MinimumVisualStudioVersion = 10.0.40219.1
Project("{FAE04EC0-301F-11D3-BF4B-00C04F79EFBC}") = "WebApiWithEntityFrameworkCore", "WebApiWithEntityFrameworkCore\WebApiWithEntityFrameworkCore.csproj", "{6AD2D79C-ED53-40DA-85CD-4328940AA19D}"
EndProject
Global
	GlobalSection(SolutionConfigurationPlatforms) = preSolution
		Debug|Any CPU = Debug|Any CPU
		Release|Any CPU = Release|Any CPU
	EndGlobalSection
	GlobalSection(ProjectConfigurationPlatforms) = postSolution
		{6AD2D79C-ED53-40DA-85CD-4328940AA19D}.Debug|Any CPU.ActiveCfg = Debug|Any CPU
		{6AD2D79C-ED53-40DA-85CD-4328940AA19D}.Debug|Any CPU.Build.0 = Debug|Any CPU
		{6AD2D79C-ED53-40DA-85CD-4328940AA19D}.Release|Any CPU.ActiveCfg = Release|Any CPU
		{6AD2D79C-ED53-40DA-85CD-4328940AA19D}.Release|Any CPU.Build.0 = Release|Any CPU
	EndGlobalSection
	GlobalSection(SolutionProperties) = preSolution
		HideSolutionNode = FALSE
	EndGlobalSection
	GlobalSection(ExtensibilityGlobals) = postSolution
		SolutionGuid = {FEC0D956-A149-4947-A068-355C4C94FDC3}
	EndGlobalSection
EndGlobal
